
Microsoft Visual Studio Solution File, Format Version 12.00
Project("{FAE04EC0-301F-11D3-BF4B-00C04F79EFBC}") = "LogParser", "LogParser\LogParser.csproj", "{DEDF8CF3-95D9-41B4-AC25-FE6DC1645792}"
EndProject
Global
	GlobalSection(SolutionConfigurationPlatforms) = preSolution
		Debug|Any CPU = Debug|Any CPU
		Release|Any CPU = Release|Any CPU
	EndGlobalSection
	GlobalSection(ProjectConfigurationPlatforms) = postSolution
		{DEDF8CF3-95D9-41B4-AC25-FE6DC1645792}.Debug|Any CPU.ActiveCfg = Debug|Any CPU
		{DEDF8CF3-95D9-41B4-AC25-FE6DC1645792}.Debug|Any CPU.Build.0 = Debug|Any CPU
		{DEDF8CF3-95D9-41B4-AC25-FE6DC1645792}.Release|Any CPU.ActiveCfg = Release|Any CPU
		{DEDF8CF3-95D9-41B4-AC25-FE6DC1645792}.Release|Any CPU.Build.0 = Release|Any CPU
	EndGlobalSection
EndGlobal
